// !$*UTF8*$!
{
	archiveVersion = 1;
	classes = {
	};
	objectVersion = 56;
	objects = {

/* Begin PBXBuildFile section */
		A4184F1E2C47F6B500E0C60C /* RMError.swift in Sources */ = {isa = PBXBuildFile; fileRef = A4184F1D2C47F6B500E0C60C /* RMError.swift */; };
		A4184F202C47FDAD00E0C60C /* RMDetailedCharacterView.swift in Sources */ = {isa = PBXBuildFile; fileRef = A4184F1F2C47FDAD00E0C60C /* RMDetailedCharacterView.swift */; };
		A4184F2F2C480BF400E0C60C /* Launch Screen.storyboard in Resources */ = {isa = PBXBuildFile; fileRef = A4184F2E2C480BF400E0C60C /* Launch Screen.storyboard */; };
		A4C7868E2C47D6C100F663E2 /* RMCharactersApp.swift in Sources */ = {isa = PBXBuildFile; fileRef = A4C7868D2C47D6C100F663E2 /* RMCharactersApp.swift */; };
		A4C786922C47D6C300F663E2 /* Assets.xcassets in Resources */ = {isa = PBXBuildFile; fileRef = A4C786912C47D6C300F663E2 /* Assets.xcassets */; };
		A4C786952C47D6C300F663E2 /* Preview Assets.xcassets in Resources */ = {isa = PBXBuildFile; fileRef = A4C786942C47D6C300F663E2 /* Preview Assets.xcassets */; };
		A4C7869C2C47D74500F663E2 /* RMListView.swift in Sources */ = {isa = PBXBuildFile; fileRef = A4C7869B2C47D74500F663E2 /* RMListView.swift */; };
		A4C786A52C47D77E00F663E2 /* Colors.xcassets in Resources */ = {isa = PBXBuildFile; fileRef = A4C7869F2C47D77E00F663E2 /* Colors.xcassets */; };
		A4C786A62C47D77E00F663E2 /* IBMPlexSans-Bold.ttf in Resources */ = {isa = PBXBuildFile; fileRef = A4C786A12C47D77E00F663E2 /* IBMPlexSans-Bold.ttf */; };
		A4C786A92C47D8A500F663E2 /* RMListCellView.swift in Sources */ = {isa = PBXBuildFile; fileRef = A4C786A82C47D8A500F663E2 /* RMListCellView.swift */; };
		A4C786AD2C47D94B00F663E2 /* CharacterModel.swift in Sources */ = {isa = PBXBuildFile; fileRef = A4C786AC2C47D94B00F663E2 /* CharacterModel.swift */; };
		A4C786AF2C47DDD700F663E2 /* IBMPlexSans-Medium.ttf in Resources */ = {isa = PBXBuildFile; fileRef = A4C786AE2C47DDD700F663E2 /* IBMPlexSans-Medium.ttf */; };
		A4C786B12C47DF1200F663E2 /* IBMPlexSans-SemiBold.ttf in Resources */ = {isa = PBXBuildFile; fileRef = A4C786B02C47DF1200F663E2 /* IBMPlexSans-SemiBold.ttf */; };
		A4C786B32C47E12200F663E2 /* IBMPlexSans-Regular.ttf in Resources */ = {isa = PBXBuildFile; fileRef = A4C786B22C47E12200F663E2 /* IBMPlexSans-Regular.ttf */; };
		A4C786B52C47E7DE00F663E2 /* NetworkManager.swift in Sources */ = {isa = PBXBuildFile; fileRef = A4C786B42C47E7DE00F663E2 /* NetworkManager.swift */; };
		A4D77D1D2C4851BC0005C3A6 /* ViewModel.swift in Sources */ = {isa = PBXBuildFile; fileRef = A4D77D1C2C4851BC0005C3A6 /* ViewModel.swift */; };
		A4E2E4EF2C49161D00CF8FF0 /* EpisodesModel.swift in Sources */ = {isa = PBXBuildFile; fileRef = A4E2E4EE2C49161D00CF8FF0 /* EpisodesModel.swift */; };
/* End PBXBuildFile section */

/* Begin PBXFileReference section */
		A4184F1D2C47F6B500E0C60C /* RMError.swift */ = {isa = PBXFileReference; lastKnownFileType = sourcecode.swift; path = RMError.swift; sourceTree = "<group>"; };
		A4184F1F2C47FDAD00E0C60C /* RMDetailedCharacterView.swift */ = {isa = PBXFileReference; lastKnownFileType = sourcecode.swift; path = RMDetailedCharacterView.swift; sourceTree = "<group>"; };
		A4184F2E2C480BF400E0C60C /* Launch Screen.storyboard */ = {isa = PBXFileReference; lastKnownFileType = file.storyboard; path = "Launch Screen.storyboard"; sourceTree = "<group>"; };
		A4C7868A2C47D6C100F663E2 /* Rick & Morty Characters.app */ = {isa = PBXFileReference; explicitFileType = wrapper.application; includeInIndex = 0; path = "Rick & Morty Characters.app"; sourceTree = BUILT_PRODUCTS_DIR; };
		A4C7868D2C47D6C100F663E2 /* RMCharactersApp.swift */ = {isa = PBXFileReference; lastKnownFileType = sourcecode.swift; path = RMCharactersApp.swift; sourceTree = "<group>"; };
		A4C786912C47D6C300F663E2 /* Assets.xcassets */ = {isa = PBXFileReference; lastKnownFileType = folder.assetcatalog; path = Assets.xcassets; sourceTree = "<group>"; };
		A4C786942C47D6C300F663E2 /* Preview Assets.xcassets */ = {isa = PBXFileReference; lastKnownFileType = folder.assetcatalog; path = "Preview Assets.xcassets"; sourceTree = "<group>"; };
		A4C7869B2C47D74500F663E2 /* RMListView.swift */ = {isa = PBXFileReference; fileEncoding = 4; lastKnownFileType = sourcecode.swift; path = RMListView.swift; sourceTree = "<group>"; };
		A4C7869F2C47D77E00F663E2 /* Colors.xcassets */ = {isa = PBXFileReference; lastKnownFileType = folder.assetcatalog; path = Colors.xcassets; sourceTree = "<group>"; };
		A4C786A12C47D77E00F663E2 /* IBMPlexSans-Bold.ttf */ = {isa = PBXFileReference; lastKnownFileType = file; path = "IBMPlexSans-Bold.ttf"; sourceTree = "<group>"; };
		A4C786A72C47D86900F663E2 /* Rick---Morty-Characters-Info.plist */ = {isa = PBXFileReference; lastKnownFileType = text.plist; path = "Rick---Morty-Characters-Info.plist"; sourceTree = SOURCE_ROOT; };
		A4C786A82C47D8A500F663E2 /* RMListCellView.swift */ = {isa = PBXFileReference; fileEncoding = 4; lastKnownFileType = sourcecode.swift; path = RMListCellView.swift; sourceTree = "<group>"; };
		A4C786AC2C47D94B00F663E2 /* CharacterModel.swift */ = {isa = PBXFileReference; lastKnownFileType = sourcecode.swift; path = CharacterModel.swift; sourceTree = "<group>"; };
		A4C786AE2C47DDD700F663E2 /* IBMPlexSans-Medium.ttf */ = {isa = PBXFileReference; lastKnownFileType = file; path = "IBMPlexSans-Medium.ttf"; sourceTree = "<group>"; };
		A4C786B02C47DF1200F663E2 /* IBMPlexSans-SemiBold.ttf */ = {isa = PBXFileReference; lastKnownFileType = file; path = "IBMPlexSans-SemiBold.ttf"; sourceTree = "<group>"; };
		A4C786B22C47E12200F663E2 /* IBMPlexSans-Regular.ttf */ = {isa = PBXFileReference; lastKnownFileType = file; path = "IBMPlexSans-Regular.ttf"; sourceTree = "<group>"; };
		A4C786B42C47E7DE00F663E2 /* NetworkManager.swift */ = {isa = PBXFileReference; lastKnownFileType = sourcecode.swift; path = NetworkManager.swift; sourceTree = "<group>"; };
		A4D77D1C2C4851BC0005C3A6 /* ViewModel.swift */ = {isa = PBXFileReference; lastKnownFileType = sourcecode.swift; path = ViewModel.swift; sourceTree = "<group>"; };
		A4E2E4EE2C49161D00CF8FF0 /* EpisodesModel.swift */ = {isa = PBXFileReference; lastKnownFileType = sourcecode.swift; path = EpisodesModel.swift; sourceTree = "<group>"; };
/* End PBXFileReference section */

/* Begin PBXFrameworksBuildPhase section */
		A4C786872C47D6C100F663E2 /* Frameworks */ = {
			isa = PBXFrameworksBuildPhase;
			buildActionMask = 2147483647;
			files = (
			);
			runOnlyForDeploymentPostprocessing = 0;
		};
/* End PBXFrameworksBuildPhase section */

/* Begin PBXGroup section */
		A4184F272C480A2500E0C60C /* Managers */ = {
			isa = PBXGroup;
			children = (
				A4C786B42C47E7DE00F663E2 /* NetworkManager.swift */,
			);
			path = Managers;
			sourceTree = "<group>";
		};
		A4184F282C480A3600E0C60C /* Utilities */ = {
			isa = PBXGroup;
			children = (
				A4184F1D2C47F6B500E0C60C /* RMError.swift */,
			);
			path = Utilities;
			sourceTree = "<group>";
		};
		A4184F292C480A3D00E0C60C /* Models */ = {
			isa = PBXGroup;
			children = (
				A4E2E4EE2C49161D00CF8FF0 /* EpisodesModel.swift */,
				A4C786AC2C47D94B00F663E2 /* CharacterModel.swift */,
			);
			path = Models;
			sourceTree = "<group>";
		};
		A4C786812C47D6C100F663E2 = {
			isa = PBXGroup;
			children = (
				A4C7868C2C47D6C100F663E2 /* Rick & Morty Characters */,
				A4C7868B2C47D6C100F663E2 /* Products */,
			);
			sourceTree = "<group>";
		};
		A4C7868B2C47D6C100F663E2 /* Products */ = {
			isa = PBXGroup;
			children = (
				A4C7868A2C47D6C100F663E2 /* Rick & Morty Characters.app */,
			);
			name = Products;
			sourceTree = "<group>";
		};
		A4C7868C2C47D6C100F663E2 /* Rick & Morty Characters */ = {
			isa = PBXGroup;
			children = (
				A4E2E4F02C4918ED00CF8FF0 /* ViewModel */,
				A4C786AB2C47D8C300F663E2 /* App */,
				A4C786A32C47D77E00F663E2 /* Resources */,
				A4184F292C480A3D00E0C60C /* Models */,
				A4184F282C480A3600E0C60C /* Utilities */,
				A4184F272C480A2500E0C60C /* Managers */,
				A4C786AA2C47D8B500F663E2 /* Views */,
				A4C786A72C47D86900F663E2 /* Rick---Morty-Characters-Info.plist */,
				A4184F2E2C480BF400E0C60C /* Launch Screen.storyboard */,
				A4C786932C47D6C300F663E2 /* Preview Content */,
			);
			path = "Rick & Morty Characters";
			sourceTree = "<group>";
		};
		A4C786932C47D6C300F663E2 /* Preview Content */ = {
			isa = PBXGroup;
			children = (
				A4C786942C47D6C300F663E2 /* Preview Assets.xcassets */,
			);
			path = "Preview Content";
			sourceTree = "<group>";
		};
		A4C786A02C47D77E00F663E2 /* Assets */ = {
			isa = PBXGroup;
			children = (
				A4C786912C47D6C300F663E2 /* Assets.xcassets */,
				A4C7869F2C47D77E00F663E2 /* Colors.xcassets */,
			);
			path = Assets;
			sourceTree = "<group>";
		};
		A4C786A22C47D77E00F663E2 /* Fonts */ = {
			isa = PBXGroup;
			children = (
				A4C786B22C47E12200F663E2 /* IBMPlexSans-Regular.ttf */,
				A4C786B02C47DF1200F663E2 /* IBMPlexSans-SemiBold.ttf */,
				A4C786AE2C47DDD700F663E2 /* IBMPlexSans-Medium.ttf */,
				A4C786A12C47D77E00F663E2 /* IBMPlexSans-Bold.ttf */,
			);
			path = Fonts;
			sourceTree = "<group>";
		};
		A4C786A32C47D77E00F663E2 /* Resources */ = {
			isa = PBXGroup;
			children = (
				A4C786A02C47D77E00F663E2 /* Assets */,
				A4C786A22C47D77E00F663E2 /* Fonts */,
			);
			path = Resources;
			sourceTree = "<group>";
		};
		A4C786AA2C47D8B500F663E2 /* Views */ = {
			isa = PBXGroup;
			children = (
				A4C786A82C47D8A500F663E2 /* RMListCellView.swift */,
				A4C7869B2C47D74500F663E2 /* RMListView.swift */,
				A4184F1F2C47FDAD00E0C60C /* RMDetailedCharacterView.swift */,
			);
			path = Views;
			sourceTree = "<group>";
		};
		A4C786AB2C47D8C300F663E2 /* App */ = {
			isa = PBXGroup;
			children = (
				A4C7868D2C47D6C100F663E2 /* RMCharactersApp.swift */,
			);
			path = App;
			sourceTree = "<group>";
		};
		A4E2E4F02C4918ED00CF8FF0 /* ViewModel */ = {
			isa = PBXGroup;
			children = (
				A4D77D1C2C4851BC0005C3A6 /* ViewModel.swift */,
			);
			path = ViewModel;
			sourceTree = "<group>";
		};
/* End PBXGroup section */

/* Begin PBXNativeTarget section */
		A4C786892C47D6C100F663E2 /* Rick & Morty Characters */ = {
			isa = PBXNativeTarget;
			buildConfigurationList = A4C786982C47D6C300F663E2 /* Build configuration list for PBXNativeTarget "Rick & Morty Characters" */;
			buildPhases = (
				A4C786862C47D6C100F663E2 /* Sources */,
				A4C786872C47D6C100F663E2 /* Frameworks */,
				A4C786882C47D6C100F663E2 /* Resources */,
			);
			buildRules = (
			);
			dependencies = (
			);
			name = "Rick & Morty Characters";
			productName = "Rick & Morty Characters";
			productReference = A4C7868A2C47D6C100F663E2 /* Rick & Morty Characters.app */;
			productType = "com.apple.product-type.application";
		};
/* End PBXNativeTarget section */

/* Begin PBXProject section */
		A4C786822C47D6C100F663E2 /* Project object */ = {
			isa = PBXProject;
			attributes = {
				BuildIndependentTargetsInParallel = 1;
				LastSwiftUpdateCheck = 1540;
				LastUpgradeCheck = 1540;
				TargetAttributes = {
					A4C786892C47D6C100F663E2 = {
						CreatedOnToolsVersion = 15.4;
					};
				};
			};
			buildConfigurationList = A4C786852C47D6C100F663E2 /* Build configuration list for PBXProject "Rick & Morty Characters" */;
			compatibilityVersion = "Xcode 14.0";
			developmentRegion = en;
			hasScannedForEncodings = 0;
			knownRegions = (
				en,
				Base,
			);
			mainGroup = A4C786812C47D6C100F663E2;
			productRefGroup = A4C7868B2C47D6C100F663E2 /* Products */;
			projectDirPath = "";
			projectRoot = "";
			targets = (
				A4C786892C47D6C100F663E2 /* Rick & Morty Characters */,
			);
		};
/* End PBXProject section */

/* Begin PBXResourcesBuildPhase section */
		A4C786882C47D6C100F663E2 /* Resources */ = {
			isa = PBXResourcesBuildPhase;
			buildActionMask = 2147483647;
			files = (
				A4C786952C47D6C300F663E2 /* Preview Assets.xcassets in Resources */,
				A4C786A62C47D77E00F663E2 /* IBMPlexSans-Bold.ttf in Resources */,
				A4184F2F2C480BF400E0C60C /* Launch Screen.storyboard in Resources */,
				A4C786B32C47E12200F663E2 /* IBMPlexSans-Regular.ttf in Resources */,
				A4C786A52C47D77E00F663E2 /* Colors.xcassets in Resources */,
				A4C786922C47D6C300F663E2 /* Assets.xcassets in Resources */,
				A4C786B12C47DF1200F663E2 /* IBMPlexSans-SemiBold.ttf in Resources */,
				A4C786AF2C47DDD700F663E2 /* IBMPlexSans-Medium.ttf in Resources */,
			);
			runOnlyForDeploymentPostprocessing = 0;
		};
/* End PBXResourcesBuildPhase section */

/* Begin PBXSourcesBuildPhase section */
		A4C786862C47D6C100F663E2 /* Sources */ = {
			isa = PBXSourcesBuildPhase;
			buildActionMask = 2147483647;
			files = (
				A4C786A92C47D8A500F663E2 /* RMListCellView.swift in Sources */,
				A4184F1E2C47F6B500E0C60C /* RMError.swift in Sources */,
				A4C786AD2C47D94B00F663E2 /* CharacterModel.swift in Sources */,
				A4E2E4EF2C49161D00CF8FF0 /* EpisodesModel.swift in Sources */,
				A4C786B52C47E7DE00F663E2 /* NetworkManager.swift in Sources */,
				A4C7868E2C47D6C100F663E2 /* RMCharactersApp.swift in Sources */,
				A4184F202C47FDAD00E0C60C /* RMDetailedCharacterView.swift in Sources */,
				A4D77D1D2C4851BC0005C3A6 /* ViewModel.swift in Sources */,
				A4C7869C2C47D74500F663E2 /* RMListView.swift in Sources */,
			);
			runOnlyForDeploymentPostprocessing = 0;
		};
/* End PBXSourcesBuildPhase section */

/* Begin XCBuildConfiguration section */
		A4C786962C47D6C300F663E2 /* Debug */ = {
			isa = XCBuildConfiguration;
			buildSettings = {
				ALWAYS_SEARCH_USER_PATHS = NO;
				ASSETCATALOG_COMPILER_GENERATE_SWIFT_ASSET_SYMBOL_EXTENSIONS = YES;
				CLANG_ANALYZER_NONNULL = YES;
				CLANG_ANALYZER_NUMBER_OBJECT_CONVERSION = YES_AGGRESSIVE;
				CLANG_CXX_LANGUAGE_STANDARD = "gnu++20";
				CLANG_ENABLE_MODULES = YES;
				CLANG_ENABLE_OBJC_ARC = YES;
				CLANG_ENABLE_OBJC_WEAK = YES;
				CLANG_WARN_BLOCK_CAPTURE_AUTORELEASING = YES;
				CLANG_WARN_BOOL_CONVERSION = YES;
				CLANG_WARN_COMMA = YES;
				CLANG_WARN_CONSTANT_CONVERSION = YES;
				CLANG_WARN_DEPRECATED_OBJC_IMPLEMENTATIONS = YES;
				CLANG_WARN_DIRECT_OBJC_ISA_USAGE = YES_ERROR;
				CLANG_WARN_DOCUMENTATION_COMMENTS = YES;
				CLANG_WARN_EMPTY_BODY = YES;
				CLANG_WARN_ENUM_CONVERSION = YES;
				CLANG_WARN_INFINITE_RECURSION = YES;
				CLANG_WARN_INT_CONVERSION = YES;
				CLANG_WARN_NON_LITERAL_NULL_CONVERSION = YES;
				CLANG_WARN_OBJC_IMPLICIT_RETAIN_SELF = YES;
				CLANG_WARN_OBJC_LITERAL_CONVERSION = YES;
				CLANG_WARN_OBJC_ROOT_CLASS = YES_ERROR;
				CLANG_WARN_QUOTED_INCLUDE_IN_FRAMEWORK_HEADER = YES;
				CLANG_WARN_RANGE_LOOP_ANALYSIS = YES;
				CLANG_WARN_STRICT_PROTOTYPES = YES;
				CLANG_WARN_SUSPICIOUS_MOVE = YES;
				CLANG_WARN_UNGUARDED_AVAILABILITY = YES_AGGRESSIVE;
				CLANG_WARN_UNREACHABLE_CODE = YES;
				CLANG_WARN__DUPLICATE_METHOD_MATCH = YES;
				COPY_PHASE_STRIP = NO;
				DEBUG_INFORMATION_FORMAT = dwarf;
				ENABLE_STRICT_OBJC_MSGSEND = YES;
				ENABLE_TESTABILITY = YES;
				ENABLE_USER_SCRIPT_SANDBOXING = YES;
				GCC_C_LANGUAGE_STANDARD = gnu17;
				GCC_DYNAMIC_NO_PIC = NO;
				GCC_NO_COMMON_BLOCKS = YES;
				GCC_OPTIMIZATION_LEVEL = 0;
				GCC_PREPROCESSOR_DEFINITIONS = (
					"DEBUG=1",
					"$(inherited)",
				);
				GCC_WARN_64_TO_32_BIT_CONVERSION = YES;
				GCC_WARN_ABOUT_RETURN_TYPE = YES_ERROR;
				GCC_WARN_UNDECLARED_SELECTOR = YES;
				GCC_WARN_UNINITIALIZED_AUTOS = YES_AGGRESSIVE;
				GCC_WARN_UNUSED_FUNCTION = YES;
				GCC_WARN_UNUSED_VARIABLE = YES;
				IPHONEOS_DEPLOYMENT_TARGET = 17.5;
				LOCALIZATION_PREFERS_STRING_CATALOGS = YES;
				MTL_ENABLE_DEBUG_INFO = INCLUDE_SOURCE;
				MTL_FAST_MATH = YES;
				ONLY_ACTIVE_ARCH = YES;
				SDKROOT = iphoneos;
				SWIFT_ACTIVE_COMPILATION_CONDITIONS = "DEBUG $(inherited)";
				SWIFT_OPTIMIZATION_LEVEL = "-Onone";
			};
			name = Debug;
		};
		A4C786972C47D6C300F663E2 /* Release */ = {
			isa = XCBuildConfiguration;
			buildSettings = {
				ALWAYS_SEARCH_USER_PATHS = NO;
				ASSETCATALOG_COMPILER_GENERATE_SWIFT_ASSET_SYMBOL_EXTENSIONS = YES;
				CLANG_ANALYZER_NONNULL = YES;
				CLANG_ANALYZER_NUMBER_OBJECT_CONVERSION = YES_AGGRESSIVE;
				CLANG_CXX_LANGUAGE_STANDARD = "gnu++20";
				CLANG_ENABLE_MODULES = YES;
				CLANG_ENABLE_OBJC_ARC = YES;
				CLANG_ENABLE_OBJC_WEAK = YES;
				CLANG_WARN_BLOCK_CAPTURE_AUTORELEASING = YES;
				CLANG_WARN_BOOL_CONVERSION = YES;
				CLANG_WARN_COMMA = YES;
				CLANG_WARN_CONSTANT_CONVERSION = YES;
				CLANG_WARN_DEPRECATED_OBJC_IMPLEMENTATIONS = YES;
				CLANG_WARN_DIRECT_OBJC_ISA_USAGE = YES_ERROR;
				CLANG_WARN_DOCUMENTATION_COMMENTS = YES;
				CLANG_WARN_EMPTY_BODY = YES;
				CLANG_WARN_ENUM_CONVERSION = YES;
				CLANG_WARN_INFINITE_RECURSION = YES;
				CLANG_WARN_INT_CONVERSION = YES;
				CLANG_WARN_NON_LITERAL_NULL_CONVERSION = YES;
				CLANG_WARN_OBJC_IMPLICIT_RETAIN_SELF = YES;
				CLANG_WARN_OBJC_LITERAL_CONVERSION = YES;
				CLANG_WARN_OBJC_ROOT_CLASS = YES_ERROR;
				CLANG_WARN_QUOTED_INCLUDE_IN_FRAMEWORK_HEADER = YES;
				CLANG_WARN_RANGE_LOOP_ANALYSIS = YES;
				CLANG_WARN_STRICT_PROTOTYPES = YES;
				CLANG_WARN_SUSPICIOUS_MOVE = YES;
				CLANG_WARN_UNGUARDED_AVAILABILITY = YES_AGGRESSIVE;
				CLANG_WARN_UNREACHABLE_CODE = YES;
				CLANG_WARN__DUPLICATE_METHOD_MATCH = YES;
				COPY_PHASE_STRIP = NO;
				DEBUG_INFORMATION_FORMAT = "dwarf-with-dsym";
				ENABLE_NS_ASSERTIONS = NO;
				ENABLE_STRICT_OBJC_MSGSEND = YES;
				ENABLE_USER_SCRIPT_SANDBOXING = YES;
				GCC_C_LANGUAGE_STANDARD = gnu17;
				GCC_NO_COMMON_BLOCKS = YES;
				GCC_WARN_64_TO_32_BIT_CONVERSION = YES;
				GCC_WARN_ABOUT_RETURN_TYPE = YES_ERROR;
				GCC_WARN_UNDECLARED_SELECTOR = YES;
				GCC_WARN_UNINITIALIZED_AUTOS = YES_AGGRESSIVE;
				GCC_WARN_UNUSED_FUNCTION = YES;
				GCC_WARN_UNUSED_VARIABLE = YES;
				IPHONEOS_DEPLOYMENT_TARGET = 17.5;
				LOCALIZATION_PREFERS_STRING_CATALOGS = YES;
				MTL_ENABLE_DEBUG_INFO = NO;
				MTL_FAST_MATH = YES;
				SDKROOT = iphoneos;
				SWIFT_COMPILATION_MODE = wholemodule;
				VALIDATE_PRODUCT = YES;
			};
			name = Release;
		};
		A4C786992C47D6C300F663E2 /* Debug */ = {
			isa = XCBuildConfiguration;
			buildSettings = {
				ASSETCATALOG_COMPILER_APPICON_NAME = AppIcon;
				ASSETCATALOG_COMPILER_GLOBAL_ACCENT_COLOR_NAME = AccentColor;
				CODE_SIGN_STYLE = Automatic;
				CURRENT_PROJECT_VERSION = 1;
				DEVELOPMENT_ASSET_PATHS = "\"Rick & Morty Characters/Preview Content\"";
				DEVELOPMENT_TEAM = 82HCH9V652;
				ENABLE_PREVIEWS = YES;
				GENERATE_INFOPLIST_FILE = YES;
				INFOPLIST_FILE = "Rick---Morty-Characters-Info.plist";
				INFOPLIST_KEY_UIApplicationSceneManifest_Generation = YES;
				INFOPLIST_KEY_UIApplicationSupportsIndirectInputEvents = YES;
				INFOPLIST_KEY_UISupportedInterfaceOrientations = UIInterfaceOrientationPortrait;
				LD_RUNPATH_SEARCH_PATHS = (
					"$(inherited)",
					"@executable_path/Frameworks",
				);
				MARKETING_VERSION = 1.0;
				PRODUCT_BUNDLE_IDENTIFIER = "com.tumbersa.Rick---Morty-Characters";
				PRODUCT_NAME = "$(TARGET_NAME)";
				SWIFT_EMIT_LOC_STRINGS = YES;
				SWIFT_VERSION = 5.0;
				TARGETED_DEVICE_FAMILY = "1,2";
			};
			name = Debug;
		};
		A4C7869A2C47D6C300F663E2 /* Release */ = {
			isa = XCBuildConfiguration;
			buildSettings = {
				ASSETCATALOG_COMPILER_APPICON_NAME = AppIcon;
				ASSETCATALOG_COMPILER_GLOBAL_ACCENT_COLOR_NAME = AccentColor;
				CODE_SIGN_STYLE = Automatic;
				CURRENT_PROJECT_VERSION = 1;
				DEVELOPMENT_ASSET_PATHS = "\"Rick & Morty Characters/Preview Content\"";
				DEVELOPMENT_TEAM = 82HCH9V652;
				ENABLE_PREVIEWS = YES;
				GENERATE_INFOPLIST_FILE = YES;
				INFOPLIST_FILE = "Rick---Morty-Characters-Info.plist";
				INFOPLIST_KEY_UIApplicationSceneManifest_Generation = YES;
				INFOPLIST_KEY_UIApplicationSupportsIndirectInputEvents = YES;
				INFOPLIST_KEY_UISupportedInterfaceOrientations = UIInterfaceOrientationPortrait;
				LD_RUNPATH_SEARCH_PATHS = (
					"$(inherited)",
					"@executable_path/Frameworks",
				);
				MARKETING_VERSION = 1.0;
				PRODUCT_BUNDLE_IDENTIFIER = "com.tumbersa.Rick---Morty-Characters";
				PRODUCT_NAME = "$(TARGET_NAME)";
				SWIFT_EMIT_LOC_STRINGS = YES;
				SWIFT_VERSION = 5.0;
				TARGETED_DEVICE_FAMILY = "1,2";
			};
			name = Release;
		};
/* End XCBuildConfiguration section */

/* Begin XCConfigurationList section */
		A4C786852C47D6C100F663E2 /* Build configuration list for PBXProject "Rick & Morty Characters" */ = {
			isa = XCConfigurationList;
			buildConfigurations = (
				A4C786962C47D6C300F663E2 /* Debug */,
				A4C786972C47D6C300F663E2 /* Release */,
			);
			defaultConfigurationIsVisible = 0;
			defaultConfigurationName = Release;
		};
		A4C786982C47D6C300F663E2 /* Build configuration list for PBXNativeTarget "Rick & Morty Characters" */ = {
			isa = XCConfigurationList;
			buildConfigurations = (
				A4C786992C47D6C300F663E2 /* Debug */,
				A4C7869A2C47D6C300F663E2 /* Release */,
			);
			defaultConfigurationIsVisible = 0;
			defaultConfigurationName = Release;
		};
/* End XCConfigurationList section */
	};
	rootObject = A4C786822C47D6C100F663E2 /* Project object */;
}
